// !$*UTF8*$!
{
	archiveVersion = 1;
	classes = {
	};
	objectVersion = 45;
	objects = {

/* Begin PBXBuildFile section */
		1D3623260D0F684500981E51 /* Feeds2AppDelegate.m in Sources */ = {isa = PBXBuildFile; fileRef = 1D3623250D0F684500981E51 /* Feeds2AppDelegate.m */; };
		1D60589B0D05DD56006BFB54 /* main.m in Sources */ = {isa = PBXBuildFile; fileRef = 29B97316FDCFA39411CA2CEA /* main.m */; };
		1D60589F0D05DD5A006BFB54 /* Foundation.framework in Frameworks */ = {isa = PBXBuildFile; fileRef = 1D30AB110D05D00D00671497 /* Foundation.framework */; };
		1DF5F4E00D08C38300B7A737 /* UIKit.framework in Frameworks */ = {isa = PBXBuildFile; fileRef = 1DF5F4DF0D08C38300B7A737 /* UIKit.framework */; };
		225D849B0E43376A00BFE7D1 /* MainTabBarController.m in Sources */ = {isa = PBXBuildFile; fileRef = 225D849A0E43376A00BFE7D1 /* MainTabBarController.m */; };
		225D84A50E433E2F00BFE7D1 /* FeedListDelegate.m in Sources */ = {isa = PBXBuildFile; fileRef = 225D84A30E433E2F00BFE7D1 /* FeedListDelegate.m */; };
		225D84A80E433E3800BFE7D1 /* ItemListDelegate.m in Sources */ = {isa = PBXBuildFile; fileRef = 225D84A70E433E3800BFE7D1 /* ItemListDelegate.m */; };
		225D85210E435FF200BFE7D1 /* SyncController.m in Sources */ = {isa = PBXBuildFile; fileRef = 225D851F0E435FF200BFE7D1 /* SyncController.m */; };
		22C6B5280E3DD33700B8F9A3 /* BrowserViewController.m in Sources */ = {isa = PBXBuildFile; fileRef = 22C6B5260E3DD33700B8F9A3 /* BrowserViewController.m */; };
		22C6B6850E3DEF6100B8F9A3 /* active_read.png in Resources */ = {isa = PBXBuildFile; fileRef = 22C6B6750E3DEF6100B8F9A3 /* active_read.png */; };
		22C6B6860E3DEF6100B8F9A3 /* active_star.png in Resources */ = {isa = PBXBuildFile; fileRef = 22C6B6760E3DEF6100B8F9A3 /* active_star.png */; };
		22C6B6870E3DEF6100B8F9A3 /* disabled_next.png in Resources */ = {isa = PBXBuildFile; fileRef = 22C6B6770E3DEF6100B8F9A3 /* disabled_next.png */; };
		22C6B6880E3DEF6100B8F9A3 /* disabled_prev.png in Resources */ = {isa = PBXBuildFile; fileRef = 22C6B6780E3DEF6100B8F9A3 /* disabled_prev.png */; };
		22C6B6890E3DEF6100B8F9A3 /* fwd.png in Resources */ = {isa = PBXBuildFile; fileRef = 22C6B6790E3DEF6100B8F9A3 /* fwd.png */; };
		22C6B68A0E3DEF6100B8F9A3 /* hover_fwd.png in Resources */ = {isa = PBXBuildFile; fileRef = 22C6B67A0E3DEF6100B8F9A3 /* hover_fwd.png */; };
		22C6B68B0E3DEF6100B8F9A3 /* hover_next.png in Resources */ = {isa = PBXBuildFile; fileRef = 22C6B67B0E3DEF6100B8F9A3 /* hover_next.png */; };
		22C6B68C0E3DEF6100B8F9A3 /* hover_prev.png in Resources */ = {isa = PBXBuildFile; fileRef = 22C6B67C0E3DEF6100B8F9A3 /* hover_prev.png */; };
		22C6B68D0E3DEF6100B8F9A3 /* hover_read.png in Resources */ = {isa = PBXBuildFile; fileRef = 22C6B67D0E3DEF6100B8F9A3 /* hover_read.png */; };
		22C6B68E0E3DEF6100B8F9A3 /* hover_star.png in Resources */ = {isa = PBXBuildFile; fileRef = 22C6B67E0E3DEF6100B8F9A3 /* hover_star.png */; };
		22C6B68F0E3DEF6100B8F9A3 /* hover_up.png in Resources */ = {isa = PBXBuildFile; fileRef = 22C6B67F0E3DEF6100B8F9A3 /* hover_up.png */; };
		22C6B6900E3DEF6100B8F9A3 /* next.png in Resources */ = {isa = PBXBuildFile; fileRef = 22C6B6800E3DEF6100B8F9A3 /* next.png */; };
		22C6B6910E3DEF6100B8F9A3 /* prev.png in Resources */ = {isa = PBXBuildFile; fileRef = 22C6B6810E3DEF6100B8F9A3 /* prev.png */; };
		22C6B6920E3DEF6100B8F9A3 /* read.png in Resources */ = {isa = PBXBuildFile; fileRef = 22C6B6820E3DEF6100B8F9A3 /* read.png */; };
		22C6B6930E3DEF6100B8F9A3 /* star.png in Resources */ = {isa = PBXBuildFile; fileRef = 22C6B6830E3DEF6100B8F9A3 /* star.png */; };
		22C6B6940E3DEF6100B8F9A3 /* up.png in Resources */ = {isa = PBXBuildFile; fileRef = 22C6B6840E3DEF6100B8F9A3 /* up.png */; };
		22D4C54B0E34A95A001E2E58 /* tcWebView.m in Sources */ = {isa = PBXBuildFile; fileRef = 22D4C54A0E34A95A001E2E58 /* tcWebView.m */; };
		22D4C5500E34A9EF001E2E58 /* tcDirList.m in Sources */ = {isa = PBXBuildFile; fileRef = 22D4C54F0E34A9EF001E2E58 /* tcDirList.m */; };
		22D4C57F0E34AC93001E2E58 /* FMResultSet.m in Sources */ = {isa = PBXBuildFile; fileRef = 22D4C5780E34AC93001E2E58 /* FMResultSet.m */; };
		22D4C5810E34AC93001E2E58 /* FMDatabaseAdditions.m in Sources */ = {isa = PBXBuildFile; fileRef = 22D4C57B0E34AC93001E2E58 /* FMDatabaseAdditions.m */; };
		22D4C5820E34AC93001E2E58 /* FMDatabase.m in Sources */ = {isa = PBXBuildFile; fileRef = 22D4C57D0E34AC93001E2E58 /* FMDatabase.m */; };
		22D4C5840E34AD8F001E2E58 /* libsqlite3.0.dylib in Frameworks */ = {isa = PBXBuildFile; fileRef = 22D4C5830E34AD8F001E2E58 /* libsqlite3.0.dylib */; };
		22DF94D10E3ABEE20052AAAB /* tcItemDB.m in Sources */ = {isa = PBXBuildFile; fileRef = 22DF94D00E3ABEE20052AAAB /* tcItemDB.m */; };
		22DF94EF0E3AD2470052AAAB /* tcHelpers.m in Sources */ = {isa = PBXBuildFile; fileRef = 22DF94EE0E3AD2470052AAAB /* tcHelpers.m */; };
		22DF94FD0E3AF6040052AAAB /* tcItem.m in Sources */ = {isa = PBXBuildFile; fileRef = 22DF94FC0E3AF6040052AAAB /* tcItem.m */; };
		28216C970DB411BC00E5133A /* FirstViewController.m in Sources */ = {isa = PBXBuildFile; fileRef = 28216C960DB411BC00E5133A /* FirstViewController.m */; };
		28AD73880D9D96C1002E5188 /* MainWindow.xib in Resources */ = {isa = PBXBuildFile; fileRef = 28AD73870D9D96C1002E5188 /* MainWindow.xib */; };
/* End PBXBuildFile section */

/* Begin PBXFileReference section */
		1D30AB110D05D00D00671497 /* Foundation.framework */ = {isa = PBXFileReference; lastKnownFileType = wrapper.framework; name = Foundation.framework; path = System/Library/Frameworks/Foundation.framework; sourceTree = SDKROOT; };
		1D3623240D0F684500981E51 /* Feeds2AppDelegate.h */ = {isa = PBXFileReference; fileEncoding = 4; lastKnownFileType = sourcecode.c.h; path = Feeds2AppDelegate.h; sourceTree = "<group>"; };
		1D3623250D0F684500981E51 /* Feeds2AppDelegate.m */ = {isa = PBXFileReference; fileEncoding = 4; lastKnownFileType = sourcecode.c.objc; path = Feeds2AppDelegate.m; sourceTree = "<group>"; };
		1D6058910D05DD3D006BFB54 /* Feeds2.app */ = {isa = PBXFileReference; explicitFileType = wrapper.application; includeInIndex = 0; path = Feeds2.app; sourceTree = BUILT_PRODUCTS_DIR; };
		1DF5F4DF0D08C38300B7A737 /* UIKit.framework */ = {isa = PBXFileReference; lastKnownFileType = wrapper.framework; name = UIKit.framework; path = System/Library/Frameworks/UIKit.framework; sourceTree = SDKROOT; };
		225D84990E43376A00BFE7D1 /* MainTabBarController.h */ = {isa = PBXFileReference; fileEncoding = 4; lastKnownFileType = sourcecode.c.h; path = MainTabBarController.h; sourceTree = "<group>"; };
		225D849A0E43376A00BFE7D1 /* MainTabBarController.m */ = {isa = PBXFileReference; fileEncoding = 4; lastKnownFileType = sourcecode.c.objc; path = MainTabBarController.m; sourceTree = "<group>"; };
		225D84A30E433E2F00BFE7D1 /* FeedListDelegate.m */ = {isa = PBXFileReference; fileEncoding = 4; lastKnownFileType = sourcecode.c.objc; path = FeedListDelegate.m; sourceTree = "<group>"; };
		225D84A40E433E2F00BFE7D1 /* FeedListDelegate.h */ = {isa = PBXFileReference; fileEncoding = 4; lastKnownFileType = sourcecode.c.h; path = FeedListDelegate.h; sourceTree = "<group>"; };
		225D84A60E433E3800BFE7D1 /* ItemListDelegate.h */ = {isa = PBXFileReference; fileEncoding = 4; lastKnownFileType = sourcecode.c.h; path = ItemListDelegate.h; sourceTree = "<group>"; };
		225D84A70E433E3800BFE7D1 /* ItemListDelegate.m */ = {isa = PBXFileReference; fileEncoding = 4; lastKnownFileType = sourcecode.c.objc; path = ItemListDelegate.m; sourceTree = "<group>"; };
		225D851F0E435FF200BFE7D1 /* SyncController.m */ = {isa = PBXFileReference; fileEncoding = 4; lastKnownFileType = sourcecode.c.objc; path = SyncController.m; sourceTree = "<group>"; };
		225D85200E435FF200BFE7D1 /* SyncController.h */ = {isa = PBXFileReference; fileEncoding = 4; lastKnownFileType = sourcecode.c.h; path = SyncController.h; sourceTree = "<group>"; };
		22C6B5260E3DD33700B8F9A3 /* BrowserViewController.m */ = {isa = PBXFileReference; fileEncoding = 4; lastKnownFileType = sourcecode.c.objc; path = BrowserViewController.m; sourceTree = "<group>"; };
		22C6B5270E3DD33700B8F9A3 /* BrowserViewController.h */ = {isa = PBXFileReference; fileEncoding = 4; lastKnownFileType = sourcecode.c.h; path = BrowserViewController.h; sourceTree = "<group>"; };
		22C6B6750E3DEF6100B8F9A3 /* active_read.png */ = {isa = PBXFileReference; lastKnownFileType = image.png; name = active_read.png; path = button_images/active_read.png; sourceTree = "<group>"; };
		22C6B6760E3DEF6100B8F9A3 /* active_star.png */ = {isa = PBXFileReference; lastKnownFileType = image.png; name = active_star.png; path = button_images/active_star.png; sourceTree = "<group>"; };
		22C6B6770E3DEF6100B8F9A3 /* disabled_next.png */ = {isa = PBXFileReference; lastKnownFileType = image.png; name = disabled_next.png; path = button_images/disabled_next.png; sourceTree = "<group>"; };
		22C6B6780E3DEF6100B8F9A3 /* disabled_prev.png */ = {isa = PBXFileReference; lastKnownFileType = image.png; name = disabled_prev.png; path = button_images/disabled_prev.png; sourceTree = "<group>"; };
		22C6B6790E3DEF6100B8F9A3 /* fwd.png */ = {isa = PBXFileReference; lastKnownFileType = image.png; name = fwd.png; path = button_images/fwd.png; sourceTree = "<group>"; };
		22C6B67A0E3DEF6100B8F9A3 /* hover_fwd.png */ = {isa = PBXFileReference; lastKnownFileType = image.png; name = hover_fwd.png; path = button_images/hover_fwd.png; sourceTree = "<group>"; };
		22C6B67B0E3DEF6100B8F9A3 /* hover_next.png */ = {isa = PBXFileReference; lastKnownFileType = image.png; name = hover_next.png; path = button_images/hover_next.png; sourceTree = "<group>"; };
		22C6B67C0E3DEF6100B8F9A3 /* hover_prev.png */ = {isa = PBXFileReference; lastKnownFileType = image.png; name = hover_prev.png; path = button_images/hover_prev.png; sourceTree = "<group>"; };
		22C6B67D0E3DEF6100B8F9A3 /* hover_read.png */ = {isa = PBXFileReference; lastKnownFileType = image.png; name = hover_read.png; path = button_images/hover_read.png; sourceTree = "<group>"; };
		22C6B67E0E3DEF6100B8F9A3 /* hover_star.png */ = {isa = PBXFileReference; lastKnownFileType = image.png; name = hover_star.png; path = button_images/hover_star.png; sourceTree = "<group>"; };
		22C6B67F0E3DEF6100B8F9A3 /* hover_up.png */ = {isa = PBXFileReference; lastKnownFileType = image.png; name = hover_up.png; path = button_images/hover_up.png; sourceTree = "<group>"; };
		22C6B6800E3DEF6100B8F9A3 /* next.png */ = {isa = PBXFileReference; lastKnownFileType = image.png; name = next.png; path = button_images/next.png; sourceTree = "<group>"; };
		22C6B6810E3DEF6100B8F9A3 /* prev.png */ = {isa = PBXFileReference; lastKnownFileType = image.png; name = prev.png; path = button_images/prev.png; sourceTree = "<group>"; };
		22C6B6820E3DEF6100B8F9A3 /* read.png */ = {isa = PBXFileReference; lastKnownFileType = image.png; name = read.png; path = button_images/read.png; sourceTree = "<group>"; };
		22C6B6830E3DEF6100B8F9A3 /* star.png */ = {isa = PBXFileReference; lastKnownFileType = image.png; name = star.png; path = button_images/star.png; sourceTree = "<group>"; };
		22C6B6840E3DEF6100B8F9A3 /* up.png */ = {isa = PBXFileReference; lastKnownFileType = image.png; name = up.png; path = button_images/up.png; sourceTree = "<group>"; };
		22D4C5490E34A95A001E2E58 /* tcWebView.h */ = {isa = PBXFileReference; fileEncoding = 4; lastKnownFileType = sourcecode.c.h; path = tcWebView.h; sourceTree = "<group>"; };
		22D4C54A0E34A95A001E2E58 /* tcWebView.m */ = {isa = PBXFileReference; fileEncoding = 4; lastKnownFileType = sourcecode.c.objc; path = tcWebView.m; sourceTree = "<group>"; };
		22D4C54E0E34A9EF001E2E58 /* tcDirList.h */ = {isa = PBXFileReference; fileEncoding = 4; lastKnownFileType = sourcecode.c.h; path = tcDirList.h; sourceTree = "<group>"; };
		22D4C54F0E34A9EF001E2E58 /* tcDirList.m */ = {isa = PBXFileReference; fileEncoding = 4; lastKnownFileType = sourcecode.c.objc; path = tcDirList.m; sourceTree = "<group>"; };
		22D4C5780E34AC93001E2E58 /* FMResultSet.m */ = {isa = PBXFileReference; fileEncoding = 4; lastKnownFileType = sourcecode.c.objc; name = FMResultSet.m; path = Classes/fmdb/src/FMResultSet.m; sourceTree = "<group>"; };
		22D4C5790E34AC93001E2E58 /* FMResultSet.h */ = {isa = PBXFileReference; fileEncoding = 4; lastKnownFileType = sourcecode.c.h; name = FMResultSet.h; path = Classes/fmdb/src/FMResultSet.h; sourceTree = "<group>"; };
		22D4C57A0E34AC93001E2E58 /* fmdb.m */ = {isa = PBXFileReference; fileEncoding = 4; lastKnownFileType = sourcecode.c.objc; name = fmdb.m; path = Classes/fmdb/src/fmdb.m; sourceTree = "<group>"; };
		22D4C57B0E34AC93001E2E58 /* FMDatabaseAdditions.m */ = {isa = PBXFileReference; fileEncoding = 4; lastKnownFileType = sourcecode.c.objc; name = FMDatabaseAdditions.m; path = Classes/fmdb/src/FMDatabaseAdditions.m; sourceTree = "<group>"; };
		22D4C57C0E34AC93001E2E58 /* FMDatabaseAdditions.h */ = {isa = PBXFileReference; fileEncoding = 4; lastKnownFileType = sourcecode.c.h; name = FMDatabaseAdditions.h; path = Classes/fmdb/src/FMDatabaseAdditions.h; sourceTree = "<group>"; };
		22D4C57D0E34AC93001E2E58 /* FMDatabase.m */ = {isa = PBXFileReference; fileEncoding = 4; lastKnownFileType = sourcecode.c.objc; name = FMDatabase.m; path = Classes/fmdb/src/FMDatabase.m; sourceTree = "<group>"; };
		22D4C57E0E34AC93001E2E58 /* FMDatabase.h */ = {isa = PBXFileReference; fileEncoding = 4; lastKnownFileType = sourcecode.c.h; name = FMDatabase.h; path = Classes/fmdb/src/FMDatabase.h; sourceTree = "<group>"; };
		22D4C5830E34AD8F001E2E58 /* libsqlite3.0.dylib */ = {isa = PBXFileReference; lastKnownFileType = "compiled.mach-o.dylib"; name = libsqlite3.0.dylib; path = usr/lib/libsqlite3.0.dylib; sourceTree = SDKROOT; };
		22DF94CF0E3ABEE20052AAAB /* tcItemDB.h */ = {isa = PBXFileReference; fileEncoding = 4; lastKnownFileType = sourcecode.c.h; path = tcItemDB.h; sourceTree = "<group>"; };
		22DF94D00E3ABEE20052AAAB /* tcItemDB.m */ = {isa = PBXFileReference; fileEncoding = 4; lastKnownFileType = sourcecode.c.objc; path = tcItemDB.m; sourceTree = "<group>"; };
		22DF94ED0E3AD2470052AAAB /* tcHelpers.h */ = {isa = PBXFileReference; fileEncoding = 4; lastKnownFileType = sourcecode.c.h; path = tcHelpers.h; sourceTree = "<group>"; };
		22DF94EE0E3AD2470052AAAB /* tcHelpers.m */ = {isa = PBXFileReference; fileEncoding = 4; lastKnownFileType = sourcecode.c.objc; path = tcHelpers.m; sourceTree = "<group>"; };
		22DF94FB0E3AF6040052AAAB /* tcItem.h */ = {isa = PBXFileReference; fileEncoding = 4; lastKnownFileType = sourcecode.c.h; path = tcItem.h; sourceTree = "<group>"; };
		22DF94FC0E3AF6040052AAAB /* tcItem.m */ = {isa = PBXFileReference; fileEncoding = 4; lastKnownFileType = sourcecode.c.objc; path = tcItem.m; sourceTree = "<group>"; };
		28216C950DB411BC00E5133A /* FirstViewController.h */ = {isa = PBXFileReference; fileEncoding = 4; lastKnownFileType = sourcecode.c.h; path = FirstViewController.h; sourceTree = "<group>"; };
		28216C960DB411BC00E5133A /* FirstViewController.m */ = {isa = PBXFileReference; fileEncoding = 4; lastKnownFileType = sourcecode.c.objc; path = FirstViewController.m; sourceTree = "<group>"; };
		28A0AB4B0D9B1048005BE974 /* Feeds2_Prefix.pch */ = {isa = PBXFileReference; fileEncoding = 4; lastKnownFileType = sourcecode.c.h; path = Feeds2_Prefix.pch; sourceTree = "<group>"; };
		28AD73870D9D96C1002E5188 /* MainWindow.xib */ = {isa = PBXFileReference; lastKnownFileType = file.xib; path = MainWindow.xib; sourceTree = "<group>"; };
		29B97316FDCFA39411CA2CEA /* main.m */ = {isa = PBXFileReference; fileEncoding = 4; lastKnownFileType = sourcecode.c.objc; path = main.m; sourceTree = "<group>"; };
		8D1107310486CEB800E47090 /* Info.plist */ = {isa = PBXFileReference; fileEncoding = 4; lastKnownFileType = text.plist.xml; path = Info.plist; sourceTree = "<group>"; };
/* End PBXFileReference section */

/* Begin PBXFrameworksBuildPhase section */
		1D60588F0D05DD3D006BFB54 /* Frameworks */ = {
			isa = PBXFrameworksBuildPhase;
			buildActionMask = 2147483647;
			files = (
				1D60589F0D05DD5A006BFB54 /* Foundation.framework in Frameworks */,
				1DF5F4E00D08C38300B7A737 /* UIKit.framework in Frameworks */,
				22D4C5840E34AD8F001E2E58 /* libsqlite3.0.dylib in Frameworks */,
			);
			runOnlyForDeploymentPostprocessing = 0;
		};
/* End PBXFrameworksBuildPhase section */

/* Begin PBXGroup section */
		080E96DDFE201D6D7F000001 /* Classes */ = {
			isa = PBXGroup;
			children = (
				225D84A30E433E2F00BFE7D1 /* FeedListDelegate.m */,
				225D84A40E433E2F00BFE7D1 /* FeedListDelegate.h */,
				225D84A60E433E3800BFE7D1 /* ItemListDelegate.h */,
				225D84A70E433E3800BFE7D1 /* ItemListDelegate.m */,
				225D851F0E435FF200BFE7D1 /* SyncController.m */,
				225D85200E435FF200BFE7D1 /* SyncController.h */,
				22C6B5260E3DD33700B8F9A3 /* BrowserViewController.m */,
				22C6B5270E3DD33700B8F9A3 /* BrowserViewController.h */,
				22DF94FB0E3AF6040052AAAB /* tcItem.h */,
				22DF94FC0E3AF6040052AAAB /* tcItem.m */,
				22DF94ED0E3AD2470052AAAB /* tcHelpers.h */,
				22DF94EE0E3AD2470052AAAB /* tcHelpers.m */,
				22D4C54E0E34A9EF001E2E58 /* tcDirList.h */,
				22D4C54F0E34A9EF001E2E58 /* tcDirList.m */,
				22D4C5490E34A95A001E2E58 /* tcWebView.h */,
				22D4C54A0E34A95A001E2E58 /* tcWebView.m */,
				28216C950DB411BC00E5133A /* FirstViewController.h */,
				28216C960DB411BC00E5133A /* FirstViewController.m */,
				1D3623240D0F684500981E51 /* Feeds2AppDelegate.h */,
				1D3623250D0F684500981E51 /* Feeds2AppDelegate.m */,
				22DF94CF0E3ABEE20052AAAB /* tcItemDB.h */,
				22DF94D00E3ABEE20052AAAB /* tcItemDB.m */,
				225D84990E43376A00BFE7D1 /* MainTabBarController.h */,
				225D849A0E43376A00BFE7D1 /* MainTabBarController.m */,
			);
			path = Classes;
			sourceTree = "<group>";
		};
		19C28FACFE9D520D11CA2CBB /* Products */ = {
			isa = PBXGroup;
			children = (
				1D6058910D05DD3D006BFB54 /* Feeds2.app */,
			);
			name = Products;
			sourceTree = "<group>";
		};
		223350460E3C8B6800E9FAFE /* buttons */ = {
			isa = PBXGroup;
			children = (
				22C6B6750E3DEF6100B8F9A3 /* active_read.png */,
				22C6B6760E3DEF6100B8F9A3 /* active_star.png */,
				22C6B6770E3DEF6100B8F9A3 /* disabled_next.png */,
				22C6B6780E3DEF6100B8F9A3 /* disabled_prev.png */,
				22C6B6790E3DEF6100B8F9A3 /* fwd.png */,
				22C6B67A0E3DEF6100B8F9A3 /* hover_fwd.png */,
				22C6B67B0E3DEF6100B8F9A3 /* hover_next.png */,
				22C6B67C0E3DEF6100B8F9A3 /* hover_prev.png */,
				22C6B67D0E3DEF6100B8F9A3 /* hover_read.png */,
				22C6B67E0E3DEF6100B8F9A3 /* hover_star.png */,
				22C6B67F0E3DEF6100B8F9A3 /* hover_up.png */,
				22C6B6800E3DEF6100B8F9A3 /* next.png */,
				22C6B6810E3DEF6100B8F9A3 /* prev.png */,
				22C6B6820E3DEF6100B8F9A3 /* read.png */,
				22C6B6830E3DEF6100B8F9A3 /* star.png */,
				22C6B6840E3DEF6100B8F9A3 /* up.png */,
			);
			name = buttons;
			sourceTree = "<group>";
		};
		22D4C5520E34AC77001E2E58 /* fmdb */ = {
			isa = PBXGroup;
			children = (
				22D4C5780E34AC93001E2E58 /* FMResultSet.m */,
				22D4C5790E34AC93001E2E58 /* FMResultSet.h */,
				22D4C57A0E34AC93001E2E58 /* fmdb.m */,
				22D4C57B0E34AC93001E2E58 /* FMDatabaseAdditions.m */,
				22D4C57C0E34AC93001E2E58 /* FMDatabaseAdditions.h */,
				22D4C57D0E34AC93001E2E58 /* FMDatabase.m */,
				22D4C57E0E34AC93001E2E58 /* FMDatabase.h */,
			);
			name = fmdb;
			sourceTree = "<group>";
		};
		29B97314FDCFA39411CA2CEA /* Feeds2 */ = {
			isa = PBXGroup;
			children = (
				22D4C5520E34AC77001E2E58 /* fmdb */,
				080E96DDFE201D6D7F000001 /* Classes */,
				29B97315FDCFA39411CA2CEA /* Other Sources */,
				29B97317FDCFA39411CA2CEA /* Resources */,
				29B97323FDCFA39411CA2CEA /* Frameworks */,
				19C28FACFE9D520D11CA2CBB /* Products */,
			);
			name = Feeds2;
			sourceTree = "<group>";
		};
		29B97315FDCFA39411CA2CEA /* Other Sources */ = {
			isa = PBXGroup;
			children = (
				28A0AB4B0D9B1048005BE974 /* Feeds2_Prefix.pch */,
				29B97316FDCFA39411CA2CEA /* main.m */,
			);
			name = "Other Sources";
			sourceTree = "<group>";
		};
		29B97317FDCFA39411CA2CEA /* Resources */ = {
			isa = PBXGroup;
			children = (
				223350460E3C8B6800E9FAFE /* buttons */,
				28AD73870D9D96C1002E5188 /* MainWindow.xib */,
				8D1107310486CEB800E47090 /* Info.plist */,
			);
			name = Resources;
			sourceTree = "<group>";
		};
		29B97323FDCFA39411CA2CEA /* Frameworks */ = {
			isa = PBXGroup;
			children = (
				22D4C5830E34AD8F001E2E58 /* libsqlite3.0.dylib */,
				1DF5F4DF0D08C38300B7A737 /* UIKit.framework */,
				1D30AB110D05D00D00671497 /* Foundation.framework */,
			);
			name = Frameworks;
			sourceTree = "<group>";
		};
/* End PBXGroup section */

/* Begin PBXNativeTarget section */
		1D6058900D05DD3D006BFB54 /* Feeds2 */ = {
			isa = PBXNativeTarget;
			buildConfigurationList = 1D6058960D05DD3E006BFB54 /* Build configuration list for PBXNativeTarget "Feeds2" */;
			buildPhases = (
				1D60588D0D05DD3D006BFB54 /* Resources */,
				1D60588E0D05DD3D006BFB54 /* Sources */,
				1D60588F0D05DD3D006BFB54 /* Frameworks */,
			);
			buildRules = (
			);
			dependencies = (
			);
			name = Feeds2;
			productName = Feeds2;
			productReference = 1D6058910D05DD3D006BFB54 /* Feeds2.app */;
			productType = "com.apple.product-type.application";
		};
/* End PBXNativeTarget section */

/* Begin PBXProject section */
		29B97313FDCFA39411CA2CEA /* Project object */ = {
			isa = PBXProject;
			buildConfigurationList = C01FCF4E08A954540054247B /* Build configuration list for PBXProject "GRiS" */;
			compatibilityVersion = "Xcode 3.1";
			hasScannedForEncodings = 1;
			mainGroup = 29B97314FDCFA39411CA2CEA /* Feeds2 */;
			projectDirPath = "";
			projectRoot = "";
			targets = (
				1D6058900D05DD3D006BFB54 /* Feeds2 */,
			);
		};
/* End PBXProject section */

/* Begin PBXResourcesBuildPhase section */
		1D60588D0D05DD3D006BFB54 /* Resources */ = {
			isa = PBXResourcesBuildPhase;
			buildActionMask = 2147483647;
			files = (
				28AD73880D9D96C1002E5188 /* MainWindow.xib in Resources */,
				22C6B6850E3DEF6100B8F9A3 /* active_read.png in Resources */,
				22C6B6860E3DEF6100B8F9A3 /* active_star.png in Resources */,
				22C6B6870E3DEF6100B8F9A3 /* disabled_next.png in Resources */,
				22C6B6880E3DEF6100B8F9A3 /* disabled_prev.png in Resources */,
				22C6B6890E3DEF6100B8F9A3 /* fwd.png in Resources */,
				22C6B68A0E3DEF6100B8F9A3 /* hover_fwd.png in Resources */,
				22C6B68B0E3DEF6100B8F9A3 /* hover_next.png in Resources */,
				22C6B68C0E3DEF6100B8F9A3 /* hover_prev.png in Resources */,
				22C6B68D0E3DEF6100B8F9A3 /* hover_read.png in Resources */,
				22C6B68E0E3DEF6100B8F9A3 /* hover_star.png in Resources */,
				22C6B68F0E3DEF6100B8F9A3 /* hover_up.png in Resources */,
				22C6B6900E3DEF6100B8F9A3 /* next.png in Resources */,
				22C6B6910E3DEF6100B8F9A3 /* prev.png in Resources */,
				22C6B6920E3DEF6100B8F9A3 /* read.png in Resources */,
				22C6B6930E3DEF6100B8F9A3 /* star.png in Resources */,
				22C6B6940E3DEF6100B8F9A3 /* up.png in Resources */,
			);
			runOnlyForDeploymentPostprocessing = 0;
		};
/* End PBXResourcesBuildPhase section */

/* Begin PBXSourcesBuildPhase section */
		1D60588E0D05DD3D006BFB54 /* Sources */ = {
			isa = PBXSourcesBuildPhase;
			buildActionMask = 2147483647;
			files = (
				1D60589B0D05DD56006BFB54 /* main.m in Sources */,
				1D3623260D0F684500981E51 /* Feeds2AppDelegate.m in Sources */,
				28216C970DB411BC00E5133A /* FirstViewController.m in Sources */,
				22D4C54B0E34A95A001E2E58 /* tcWebView.m in Sources */,
				22D4C5500E34A9EF001E2E58 /* tcDirList.m in Sources */,
				22D4C57F0E34AC93001E2E58 /* FMResultSet.m in Sources */,
				22D4C5810E34AC93001E2E58 /* FMDatabaseAdditions.m in Sources */,
				22D4C5820E34AC93001E2E58 /* FMDatabase.m in Sources */,
				22DF94D10E3ABEE20052AAAB /* tcItemDB.m in Sources */,
				22DF94EF0E3AD2470052AAAB /* tcHelpers.m in Sources */,
				22DF94FD0E3AF6040052AAAB /* tcItem.m in Sources */,
				22C6B5280E3DD33700B8F9A3 /* BrowserViewController.m in Sources */,
				225D849B0E43376A00BFE7D1 /* MainTabBarController.m in Sources */,
				225D84A50E433E2F00BFE7D1 /* FeedListDelegate.m in Sources */,
				225D84A80E433E3800BFE7D1 /* ItemListDelegate.m in Sources */,
				225D85210E435FF200BFE7D1 /* SyncController.m in Sources */,
			);
			runOnlyForDeploymentPostprocessing = 0;
		};
/* End PBXSourcesBuildPhase section */

/* Begin XCBuildConfiguration section */
		1D6058940D05DD3E006BFB54 /* Debug */ = {
			isa = XCBuildConfiguration;
			buildSettings = {
				ALWAYS_SEARCH_USER_PATHS = NO;
				COPY_PHASE_STRIP = NO;
				GCC_DYNAMIC_NO_PIC = NO;
				GCC_OPTIMIZATION_LEVEL = 0;
				GCC_PRECOMPILE_PREFIX_HEADER = YES;
				GCC_PREFIX_HEADER = Feeds2_Prefix.pch;
				INFOPLIST_FILE = Info.plist;
				PRODUCT_NAME = Feeds2;
			};
			name = Debug;
		};
		1D6058950D05DD3E006BFB54 /* Release */ = {
			isa = XCBuildConfiguration;
			buildSettings = {
				ALWAYS_SEARCH_USER_PATHS = NO;
				COPY_PHASE_STRIP = YES;
				GCC_PRECOMPILE_PREFIX_HEADER = YES;
				GCC_PREFIX_HEADER = Feeds2_Prefix.pch;
				INFOPLIST_FILE = Info.plist;
				PRODUCT_NAME = Feeds2;
			};
			name = Release;
		};
		C01FCF4F08A954540054247B /* Debug */ = {
			isa = XCBuildConfiguration;
			buildSettings = {
				ARCHS = "$(ARCHS_STANDARD_32_BIT)";
				"CODE_SIGN_IDENTITY[sdk=iphoneos*]" = "iPhone Developer";
				GCC_C_LANGUAGE_STANDARD = c99;
				GCC_WARN_ABOUT_RETURN_TYPE = YES;
				GCC_WARN_UNUSED_VARIABLE = YES;
				ONLY_ACTIVE_ARCH = YES;
				PREBINDING = NO;
				SDKROOT = iphoneos2.0;
			};
			name = Debug;
		};
		C01FCF5008A954540054247B /* Release */ = {
			isa = XCBuildConfiguration;
			buildSettings = {
				ARCHS = "$(ARCHS_STANDARD_32_BIT)";
				"CODE_SIGN_IDENTITY[sdk=iphoneos*]" = "iPhone Developer";
				GCC_C_LANGUAGE_STANDARD = c99;
				GCC_WARN_ABOUT_RETURN_TYPE = YES;
				GCC_WARN_UNUSED_VARIABLE = YES;
				PREBINDING = NO;
				SDKROOT = iphoneos2.0;
			};
			name = Release;
		};
/* End XCBuildConfiguration section */

/* Begin XCConfigurationList section */
		1D6058960D05DD3E006BFB54 /* Build configuration list for PBXNativeTarget "Feeds2" */ = {
			isa = XCConfigurationList;
			buildConfigurations = (
				1D6058940D05DD3E006BFB54 /* Debug */,
				1D6058950D05DD3E006BFB54 /* Release */,
			);
			defaultConfigurationIsVisible = 0;
			defaultConfigurationName = Release;
		};
		C01FCF4E08A954540054247B /* Build configuration list for PBXProject "GRiS" */ = {
			isa = XCConfigurationList;
			buildConfigurations = (
				C01FCF4F08A954540054247B /* Debug */,
				C01FCF5008A954540054247B /* Release */,
			);
			defaultConfigurationIsVisible = 0;
			defaultConfigurationName = Release;
		};
/* End XCConfigurationList section */
	};
	rootObject = 29B97313FDCFA39411CA2CEA /* Project object */;
}
